
Microsoft Visual Studio Solution File, Format Version 12.00
# Visual Studio Version 17
VisualStudioVersion = 17.2.32616.157
MinimumVisualStudioVersion = 10.0.40219.1
Project("{FAE04EC0-301F-11D3-BF4B-00C04F79EFBC}") = "Practice", "Practice\Practice.csproj", "{59886F10-219D-463D-BC7C-1D14D500ED9C}"
EndProject
Global
	GlobalSection(SolutionConfigurationPlatforms) = preSolution
		Debug|Any CPU = Debug|Any CPU
		Release|Any CPU = Release|Any CPU
	EndGlobalSection
	GlobalSection(ProjectConfigurationPlatforms) = postSolution
		{59886F10-219D-463D-BC7C-1D14D500ED9C}.Debug|Any CPU.ActiveCfg = Debug|Any CPU
		{59886F10-219D-463D-BC7C-1D14D500ED9C}.Debug|Any CPU.Build.0 = Debug|Any CPU
		{59886F10-219D-463D-BC7C-1D14D500ED9C}.Release|Any CPU.ActiveCfg = Release|Any CPU
		{59886F10-219D-463D-BC7C-1D14D500ED9C}.Release|Any CPU.Build.0 = Release|Any CPU
	EndGlobalSection
	GlobalSection(SolutionProperties) = preSolution
		HideSolutionNode = FALSE
	EndGlobalSection
	GlobalSection(ExtensibilityGlobals) = postSolution
		SolutionGuid = {7EB75E9D-A131-4BE4-A20F-FC3F6A9CEBBD}
	EndGlobalSection
EndGlobal
